
Microsoft Visual Studio Solution File, Format Version 12.00
# Visual Studio 15
VisualStudioVersion = 15.0.28307.136
MinimumVisualStudioVersion = 10.0.40219.1
Project("{FAE04EC0-301F-11D3-BF4B-00C04F79EFBC}") = "BlogLib", "BlogLib\BlogLib.csproj", "{C7C693BF-F613-4FB9-8334-C9ED1509FF99}"
EndProject
Project("{FAE04EC0-301F-11D3-BF4B-00C04F79EFBC}") = "BlogWebsite", "BlogWebsite\BlogWebsite.csproj", "{DC49C2A1-86DD-410A-9050-BC7063365D25}"
EndProject
Global
	GlobalSection(SolutionConfigurationPlatforms) = preSolution
		Debug|Any CPU = Debug|Any CPU
		Release|Any CPU = Release|Any CPU
	EndGlobalSection
	GlobalSection(ProjectConfigurationPlatforms) = postSolution
		{C7C693BF-F613-4FB9-8334-C9ED1509FF99}.Debug|Any CPU.ActiveCfg = Debug|Any CPU
		{C7C693BF-F613-4FB9-8334-C9ED1509FF99}.Debug|Any CPU.Build.0 = Debug|Any CPU
		{C7C693BF-F613-4FB9-8334-C9ED1509FF99}.Release|Any CPU.ActiveCfg = Release|Any CPU
		{C7C693BF-F613-4FB9-8334-C9ED1509FF99}.Release|Any CPU.Build.0 = Release|Any CPU
		{DC49C2A1-86DD-410A-9050-BC7063365D25}.Debug|Any CPU.ActiveCfg = Debug|Any CPU
		{DC49C2A1-86DD-410A-9050-BC7063365D25}.Debug|Any CPU.Build.0 = Debug|Any CPU
		{DC49C2A1-86DD-410A-9050-BC7063365D25}.Release|Any CPU.ActiveCfg = Release|Any CPU
		{DC49C2A1-86DD-410A-9050-BC7063365D25}.Release|Any CPU.Build.0 = Release|Any CPU
	EndGlobalSection
	GlobalSection(SolutionProperties) = preSolution
		HideSolutionNode = FALSE
	EndGlobalSection
	GlobalSection(ExtensibilityGlobals) = postSolution
		SolutionGuid = {97CBFC0A-F2CC-4443-9EE5-A9095852AF1C}
	EndGlobalSection
EndGlobal
